
Microsoft Visual Studio Solution File, Format Version 12.00
# Visual Studio Version 16
VisualStudioVersion = 25.0.1704.0
MinimumVisualStudioVersion = 10.0.40219.1
Project("{FAE04EC0-301F-11D3-BF4B-00C04F79EFBC}") = "ProyectoV3", "ProyectoV3\ProyectoV3.csproj", "{C736FE48-1C58-4AAB-A0DF-40CC0CA4F1F1}"
EndProject
Global
	GlobalSection(SolutionConfigurationPlatforms) = preSolution
		Debug|Any CPU = Debug|Any CPU
		Release|Any CPU = Release|Any CPU
	EndGlobalSection
	GlobalSection(ProjectConfigurationPlatforms) = postSolution
		{C736FE48-1C58-4AAB-A0DF-40CC0CA4F1F1}.Debug|Any CPU.ActiveCfg = Debug|Any CPU
		{C736FE48-1C58-4AAB-A0DF-40CC0CA4F1F1}.Debug|Any CPU.Build.0 = Debug|Any CPU
		{C736FE48-1C58-4AAB-A0DF-40CC0CA4F1F1}.Release|Any CPU.ActiveCfg = Release|Any CPU
		{C736FE48-1C58-4AAB-A0DF-40CC0CA4F1F1}.Release|Any CPU.Build.0 = Release|Any CPU
	EndGlobalSection
	GlobalSection(SolutionProperties) = preSolution
		HideSolutionNode = FALSE
	EndGlobalSection
	GlobalSection(ExtensibilityGlobals) = postSolution
		SolutionGuid = {8A8A2379-F874-4836-B517-DB44D6FF9CBA}
	EndGlobalSection
EndGlobal
